// !$*UTF8*$!
{
	archiveVersion = 1;
	classes = {
	};
	objectVersion = 77;
	objects = {

/* Begin PBXBuildFile section */
		CA0000000000000000000014 /* CarbonCore in Frameworks */ = {isa = PBXBuildFile; productRef = CA0000000000000000000012 /* CarbonCore */; };
		CA0000000000000000000015 /* CarbonTestFixtures in Frameworks */ = {isa = PBXBuildFile; productRef = CA0000000000000000000013 /* CarbonTestFixtures */; };
		CA000000000000000000001C /* RevenueCat in Frameworks */ = {isa = PBXBuildFile; productRef = CA000000000000000000001A /* RevenueCat */; };
		CA000000000000000000001D /* RevenueCatUI in Frameworks */ = {isa = PBXBuildFile; productRef = CA000000000000000000001B /* RevenueCatUI */; };
/* End PBXBuildFile section */

/* Begin PBXFileReference section */
		CA0000000000000000000005 /* Carbon.app */ = {isa = PBXFileReference; explicitFileType = wrapper.application; includeInIndex = 0; path = Carbon.app; sourceTree = BUILT_PRODUCTS_DIR; };
		CA0000000000000000000016 /* Base.xcconfig */ = {isa = PBXFileReference; lastKnownFileType = text.xcconfig; path = Base.xcconfig; sourceTree = "<group>"; };
		CA0000000000000000000018 /* Secrets.example.xcconfig */ = {isa = PBXFileReference; lastKnownFileType = text.xcconfig; path = Secrets.example.xcconfig; sourceTree = "<group>"; };
/* End PBXFileReference section */

/* Begin PBXFileSystemSynchronizedBuildFileExceptionSet section */
		CA0000000000000000000019 /* Exceptions for "Carbon" folder in "Carbon" target */ = {
			isa = PBXFileSystemSynchronizedBuildFileExceptionSet;
			membershipExceptions = (
				Info.plist,
			);
			target = CA0000000000000000000004 /* Carbon */;
		};
/* End PBXFileSystemSynchronizedBuildFileExceptionSet section */

/* Begin PBXFileSystemSynchronizedRootGroup section */
		CA0000000000000000000006 /* Carbon */ = {
			isa = PBXFileSystemSynchronizedRootGroup;
			exceptions = (
				CA0000000000000000000019 /* Exceptions for "Carbon" folder in "Carbon" target */,
			);
			path = Carbon;
			sourceTree = "<group>";
		};
/* End PBXFileSystemSynchronizedRootGroup section */

/* Begin PBXFrameworksBuildPhase section */
		CA0000000000000000000008 /* Frameworks */ = {
			isa = PBXFrameworksBuildPhase;
			buildActionMask = 2147483647;
			files = (
				CA0000000000000000000014 /* CarbonCore in Frameworks */,
				CA0000000000000000000015 /* CarbonTestFixtures in Frameworks */,
				CA000000000000000000001C /* RevenueCat in Frameworks */,
				CA000000000000000000001D /* RevenueCatUI in Frameworks */,
			);
			runOnlyForDeploymentPostprocessing = 0;
		};
/* End PBXFrameworksBuildPhase section */

/* Begin PBXGroup section */
		CA0000000000000000000002 = {
			isa = PBXGroup;
			children = (
				CA0000000000000000000006 /* Carbon */,
				CA0000000000000000000017 /* Config */,
				CA0000000000000000000003 /* Products */,
			);
			sourceTree = "<group>";
		};
		CA0000000000000000000003 /* Products */ = {
			isa = PBXGroup;
			children = (
				CA0000000000000000000005 /* Carbon.app */,
			);
			name = Products;
			sourceTree = "<group>";
		};
		CA0000000000000000000017 /* Config */ = {
			isa = PBXGroup;
			children = (
				CA0000000000000000000016 /* Base.xcconfig */,
				CA0000000000000000000018 /* Secrets.example.xcconfig */,
			);
			path = Config;
			sourceTree = "<group>";
		};
/* End PBXGroup section */

/* Begin PBXNativeTarget section */
		CA0000000000000000000004 /* Carbon */ = {
			isa = PBXNativeTarget;
			buildConfigurationList = CA000000000000000000000D /* Build configuration list for PBXNativeTarget "Carbon" */;
			buildPhases = (
				CA0000000000000000000007 /* Sources */,
				CA0000000000000000000008 /* Frameworks */,
				CA0000000000000000000009 /* Resources */,
			);
			buildRules = (
			);
			dependencies = (
			);
			fileSystemSynchronizedGroups = (
				CA0000000000000000000006 /* Carbon */,
			);
			name = Carbon;
			packageProductDependencies = (
				CA0000000000000000000012 /* CarbonCore */,
				CA0000000000000000000013 /* CarbonTestFixtures */,
				CA000000000000000000001A /* RevenueCat */,
				CA000000000000000000001B /* RevenueCatUI */,
			);
			productName = Carbon;
			productReference = CA0000000000000000000005 /* Carbon.app */;
			productType = "com.apple.product-type.application";
		};
/* End PBXNativeTarget section */

/* Begin PBXProject section */
		CA0000000000000000000001 /* Project object */ = {
			isa = PBXProject;
			attributes = {
				BuildIndependentTargetsInParallel = 1;
				LastSwiftUpdateCheck = 2660;
				LastUpgradeCheck = 2660;
				TargetAttributes = {
					CA0000000000000000000004 = {
						CreatedOnToolsVersion = 26.0;
					};
				};
			};
			buildConfigurationList = CA000000000000000000000A /* Build configuration list for PBXProject "Carbon" */;
			developmentRegion = en;
			hasScannedForEncodings = 0;
			knownRegions = (
				en,
				Base,
			);
			mainGroup = CA0000000000000000000002;
			minimizedProjectReferenceProxies = 1;
			packageReferences = (
				CA0000000000000000000010 /* XCLocalSwiftPackageReference "Packages/CarbonCore" */,
				CA0000000000000000000011 /* XCLocalSwiftPackageReference "Packages/CarbonTestFixtures" */,
				CA000000000000000000001E /* XCRemoteSwiftPackageReference "purchases-ios" */,
			);
			preferredProjectObjectVersion = 77;
			productRefGroup = CA0000000000000000000003 /* Products */;
			projectDirPath = "";
			projectRoot = "";
			targets = (
				CA0000000000000000000004 /* Carbon */,
			);
		};
/* End PBXProject section */

/* Begin PBXResourcesBuildPhase section */
		CA0000000000000000000009 /* Resources */ = {
			isa = PBXResourcesBuildPhase;
			buildActionMask = 2147483647;
			files = (
			);
			runOnlyForDeploymentPostprocessing = 0;
		};
/* End PBXResourcesBuildPhase section */

/* Begin PBXSourcesBuildPhase section */
		CA0000000000000000000007 /* Sources */ = {
			isa = PBXSourcesBuildPhase;
			buildActionMask = 2147483647;
			files = (
			);
			runOnlyForDeploymentPostprocessing = 0;
		};
/* End PBXSourcesBuildPhase section */

/* Begin XCBuildConfiguration section */
		CA000000000000000000000B /* Debug */ = {
			isa = XCBuildConfiguration;
			buildSettings = {
				ALWAYS_SEARCH_USER_PATHS = NO;
				CLANG_ENABLE_MODULES = YES;
				CLANG_ENABLE_OBJC_ARC = YES;
				COPY_PHASE_STRIP = NO;
				DEBUG_INFORMATION_FORMAT = dwarf;
				ENABLE_STRICT_OBJC_MSGSEND = YES;
				ENABLE_TESTABILITY = YES;
				GCC_C_LANGUAGE_STANDARD = gnu17;
				GCC_DYNAMIC_NO_PIC = NO;
				GCC_NO_COMMON_BLOCKS = YES;
				GCC_OPTIMIZATION_LEVEL = 0;
				GCC_PREPROCESSOR_DEFINITIONS = (
					"DEBUG=1",
					"$(inherited)",
				);
				IPHONEOS_DEPLOYMENT_TARGET = 26.0;
				MTL_ENABLE_DEBUG_INFO = INCLUDE_SOURCE;
				MTL_FAST_MATH = YES;
				ONLY_ACTIVE_ARCH = YES;
				SDKROOT = iphoneos;
				SWIFT_ACTIVE_COMPILATION_CONDITIONS = "DEBUG $(inherited)";
				SWIFT_OPTIMIZATION_LEVEL = "-Onone";
				SWIFT_VERSION = 6.0;
			};
			name = Debug;
		};
		CA000000000000000000000C /* Release */ = {
			isa = XCBuildConfiguration;
			buildSettings = {
				ALWAYS_SEARCH_USER_PATHS = NO;
				CLANG_ENABLE_MODULES = YES;
				CLANG_ENABLE_OBJC_ARC = YES;
				COPY_PHASE_STRIP = NO;
				DEBUG_INFORMATION_FORMAT = "dwarf-with-dsym";
				ENABLE_NS_ASSERTIONS = NO;
				ENABLE_STRICT_OBJC_MSGSEND = YES;
				GCC_C_LANGUAGE_STANDARD = gnu17;
				GCC_NO_COMMON_BLOCKS = YES;
				IPHONEOS_DEPLOYMENT_TARGET = 26.0;
				MTL_ENABLE_DEBUG_INFO = NO;
				MTL_FAST_MATH = YES;
				SDKROOT = iphoneos;
				SWIFT_COMPILATION_MODE = wholemodule;
				SWIFT_VERSION = 6.0;
				VALIDATE_PRODUCT = YES;
			};
			name = Release;
		};
		CA000000000000000000000E /* Debug */ = {
			isa = XCBuildConfiguration;
			baseConfigurationReference = CA0000000000000000000016 /* Base.xcconfig */;
			buildSettings = {
				ASSETCATALOG_COMPILER_APPICON_NAME = AppIcon;
				ASSETCATALOG_COMPILER_GLOBAL_ACCENT_COLOR_NAME = AccentColor;
				CODE_SIGN_STYLE = Automatic;
				CURRENT_PROJECT_VERSION = 1;
				DEVELOPMENT_ASSET_PATHS = "";
				ENABLE_PREVIEWS = YES;
				GENERATE_INFOPLIST_FILE = YES;
				INFOPLIST_FILE = Carbon/Info.plist;
				INFOPLIST_KEY_CFBundleDisplayName = Carbon;
				INFOPLIST_KEY_NSCameraUsageDescription = "Carbon uses the camera to photograph the form you are recording. Photos stay on this device.";
				INFOPLIST_KEY_NSPhotoLibraryUsageDescription = "Carbon reads a form from a photo you choose. Photos stay on this device.";
				INFOPLIST_KEY_UILaunchScreen_Generation = YES;
				INFOPLIST_KEY_UISupportedInterfaceOrientations_iPad = "UIInterfaceOrientationPortrait UIInterfaceOrientationPortraitUpsideDown UIInterfaceOrientationLandscapeLeft UIInterfaceOrientationLandscapeRight";
				INFOPLIST_KEY_UISupportedInterfaceOrientations_iPhone = "UIInterfaceOrientationPortrait";
				LD_RUNPATH_SEARCH_PATHS = (
					"$(inherited)",
					"@executable_path/Frameworks",
				);
				MARKETING_VERSION = 0.1.0;
				PRODUCT_BUNDLE_IDENTIFIER = com.compileraditya.Carbon;
				PRODUCT_NAME = "$(TARGET_NAME)";
				SWIFT_EMIT_LOC_STRINGS = YES;
				SWIFT_VERSION = 6.0;
				TARGETED_DEVICE_FAMILY = "1,2";
			};
			name = Debug;
		};
		CA000000000000000000000F /* Release */ = {
			isa = XCBuildConfiguration;
			baseConfigurationReference = CA0000000000000000000016 /* Base.xcconfig */;
			buildSettings = {
				ASSETCATALOG_COMPILER_APPICON_NAME = AppIcon;
				ASSETCATALOG_COMPILER_GLOBAL_ACCENT_COLOR_NAME = AccentColor;
				CODE_SIGN_STYLE = Automatic;
				CURRENT_PROJECT_VERSION = 1;
				DEVELOPMENT_ASSET_PATHS = "";
				ENABLE_PREVIEWS = YES;
				GENERATE_INFOPLIST_FILE = YES;
				INFOPLIST_FILE = Carbon/Info.plist;
				INFOPLIST_KEY_CFBundleDisplayName = Carbon;
				INFOPLIST_KEY_NSCameraUsageDescription = "Carbon uses the camera to photograph the form you are recording. Photos stay on this device.";
				INFOPLIST_KEY_NSPhotoLibraryUsageDescription = "Carbon reads a form from a photo you choose. Photos stay on this device.";
				INFOPLIST_KEY_UILaunchScreen_Generation = YES;
				INFOPLIST_KEY_UISupportedInterfaceOrientations_iPad = "UIInterfaceOrientationPortrait UIInterfaceOrientationPortraitUpsideDown UIInterfaceOrientationLandscapeLeft UIInterfaceOrientationLandscapeRight";
				INFOPLIST_KEY_UISupportedInterfaceOrientations_iPhone = "UIInterfaceOrientationPortrait";
				LD_RUNPATH_SEARCH_PATHS = (
					"$(inherited)",
					"@executable_path/Frameworks",
				);
				MARKETING_VERSION = 0.1.0;
				PRODUCT_BUNDLE_IDENTIFIER = com.compileraditya.Carbon;
				PRODUCT_NAME = "$(TARGET_NAME)";
				SWIFT_EMIT_LOC_STRINGS = YES;
				SWIFT_VERSION = 6.0;
				TARGETED_DEVICE_FAMILY = "1,2";
			};
			name = Release;
		};
/* End XCBuildConfiguration section */

/* Begin XCConfigurationList section */
		CA000000000000000000000A /* Build configuration list for PBXProject "Carbon" */ = {
			isa = XCConfigurationList;
			buildConfigurations = (
				CA000000000000000000000B /* Debug */,
				CA000000000000000000000C /* Release */,
			);
			defaultConfigurationIsVisible = 0;
			defaultConfigurationName = Release;
		};
		CA000000000000000000000D /* Build configuration list for PBXNativeTarget "Carbon" */ = {
			isa = XCConfigurationList;
			buildConfigurations = (
				CA000000000000000000000E /* Debug */,
				CA000000000000000000000F /* Release */,
			);
			defaultConfigurationIsVisible = 0;
			defaultConfigurationName = Release;
		};
/* End XCConfigurationList section */

/* Begin XCLocalSwiftPackageReference section */
		CA0000000000000000000010 /* XCLocalSwiftPackageReference "Packages/CarbonCore" */ = {
			isa = XCLocalSwiftPackageReference;
			relativePath = Packages/CarbonCore;
		};
		CA0000000000000000000011 /* XCLocalSwiftPackageReference "Packages/CarbonTestFixtures" */ = {
			isa = XCLocalSwiftPackageReference;
			relativePath = Packages/CarbonTestFixtures;
		};
/* End XCLocalSwiftPackageReference section */

/* Begin XCRemoteSwiftPackageReference section */
		CA000000000000000000001E /* XCRemoteSwiftPackageReference "purchases-ios" */ = {
			isa = XCRemoteSwiftPackageReference;
			repositoryURL = "https://github.com/RevenueCat/purchases-ios.git";
			requirement = {
				kind = upToNextMajorVersion;
				minimumVersion = 5.0.0;
			};
		};
/* End XCRemoteSwiftPackageReference section */

/* Begin XCSwiftPackageProductDependency section */
		CA0000000000000000000012 /* CarbonCore */ = {
			isa = XCSwiftPackageProductDependency;
			productName = CarbonCore;
		};
		CA0000000000000000000013 /* CarbonTestFixtures */ = {
			isa = XCSwiftPackageProductDependency;
			productName = CarbonTestFixtures;
		};
		CA000000000000000000001A /* RevenueCat */ = {
			isa = XCSwiftPackageProductDependency;
			package = CA000000000000000000001E /* XCRemoteSwiftPackageReference "purchases-ios" */;
			productName = RevenueCat;
		};
		CA000000000000000000001B /* RevenueCatUI */ = {
			isa = XCSwiftPackageProductDependency;
			package = CA000000000000000000001E /* XCRemoteSwiftPackageReference "purchases-ios" */;
			productName = RevenueCatUI;
		};
/* End XCSwiftPackageProductDependency section */
	};
	rootObject = CA0000000000000000000001 /* Project object */;
}
